
Microsoft Visual Studio Solution File, Format Version 12.00
# Visual Studio Version 17
VisualStudioVersion = 17.6.33829.357
MinimumVisualStudioVersion = 10.0.40219.1
Project("{FAE04EC0-301F-11D3-BF4B-00C04F79EFBC}") = "SayDoctorsName", "SayDoctorsName\SayDoctorsName.csproj", "{2CC2D936-1956-4D47-91CF-94CC07801761}"
EndProject
Global
	GlobalSection(SolutionConfigurationPlatforms) = preSolution
		Debug|Any CPU = Debug|Any CPU
		Release|Any CPU = Release|Any CPU
	EndGlobalSection
	GlobalSection(ProjectConfigurationPlatforms) = postSolution
		{2CC2D936-1956-4D47-91CF-94CC07801761}.Debug|Any CPU.ActiveCfg = Debug|Any CPU
		{2CC2D936-1956-4D47-91CF-94CC07801761}.Debug|Any CPU.Build.0 = Debug|Any CPU
		{2CC2D936-1956-4D47-91CF-94CC07801761}.Release|Any CPU.ActiveCfg = Release|Any CPU
		{2CC2D936-1956-4D47-91CF-94CC07801761}.Release|Any CPU.Build.0 = Release|Any CPU
	EndGlobalSection
	GlobalSection(SolutionProperties) = preSolution
		HideSolutionNode = FALSE
	EndGlobalSection
	GlobalSection(ExtensibilityGlobals) = postSolution
		SolutionGuid = {B5D93204-A839-41AC-B6E9-B7F09FCFFBD9}
	EndGlobalSection
EndGlobal
